
Microsoft Visual Studio Solution File, Format Version 12.00
# Visual Studio Version 17
VisualStudioVersion = 17.0.31903.59
MinimumVisualStudioVersion = 10.0.40219.1
Project("{FAE04EC0-301F-11D3-BF4B-00C04F79EFBC}") = "TaskGraph.Api", "TaskGraph.Api\TaskGraph.Api.csproj", "{13ED16A2-01D1-4BF7-87B5-D1F1DC493A92}"
EndProject
Project("{FAE04EC0-301F-11D3-BF4B-00C04F79EFBC}") = "TaskGraph.Tests", "TaskGraph.Tests\TaskGraph.Tests.csproj", "{B68E9BDB-A225-4C07-A6B2-5B728CACE775}"
EndProject
Global
	GlobalSection(SolutionConfigurationPlatforms) = preSolution
		Debug|Any CPU = Debug|Any CPU
		Release|Any CPU = Release|Any CPU
	EndGlobalSection
	GlobalSection(SolutionProperties) = preSolution
		HideSolutionNode = FALSE
	EndGlobalSection
	GlobalSection(ProjectConfigurationPlatforms) = postSolution
		{13ED16A2-01D1-4BF7-87B5-D1F1DC493A92}.Debug|Any CPU.ActiveCfg = Debug|Any CPU
		{13ED16A2-01D1-4BF7-87B5-D1F1DC493A92}.Debug|Any CPU.Build.0 = Debug|Any CPU
		{13ED16A2-01D1-4BF7-87B5-D1F1DC493A92}.Release|Any CPU.ActiveCfg = Release|Any CPU
		{13ED16A2-01D1-4BF7-87B5-D1F1DC493A92}.Release|Any CPU.Build.0 = Release|Any CPU
		{B68E9BDB-A225-4C07-A6B2-5B728CACE775}.Debug|Any CPU.ActiveCfg = Debug|Any CPU
		{B68E9BDB-A225-4C07-A6B2-5B728CACE775}.Debug|Any CPU.Build.0 = Debug|Any CPU
		{B68E9BDB-A225-4C07-A6B2-5B728CACE775}.Release|Any CPU.ActiveCfg = Release|Any CPU
		{B68E9BDB-A225-4C07-A6B2-5B728CACE775}.Release|Any CPU.Build.0 = Release|Any CPU
	EndGlobalSection
EndGlobal
